{
  "requires": true,
  "lockfileVersion": 1,
  "dependencies": {
    "@algolia/cache-browser-local-storage": {
      "version": "4.2.0",
      "resolved": "https://r.cnpmjs.org/@algolia/cache-browser-local-storage/download/@algolia/cache-browser-local-storage-4.2.0.tgz",
      "integrity": "sha1-RcxL5Mj81py5jrqi54pFmhz2umQ=",
      "requires": {
        "@algolia/cache-common": "4.2.0"
      }
    },
    "@algolia/cache-common": {
      "version": "4.2.0",
      "resolved": "https://r.cnpmjs.org/@algolia/cache-common/download/@algolia/cache-common-4.2.0.tgz",
      "integrity": "sha1-raGOVZ8gWmPq9gwhoDWz1B8PjX0="
    },
    "@algolia/cache-in-memory": {
      "version": "4.2.0",
      "resolved": "https://r.cnpmjs.org/@algolia/cache-in-memory/download/@algolia/cache-in-memory-4.2.0.tgz",
      "integrity": "sha1-gvB8yZruniCpa91pxjW90txCiPE=",
      "requires": {
        "@algolia/cache-common": "4.2.0"
      }
    },
    "@algolia/client-account": {
      "version": "4.2.0",
      "resolved": "https://r.cnpmjs.org/@algolia/client-account/download/@algolia/client-account-4.2.0.tgz",
      "integrity": "sha1-er892JIv3hc1seDRnosL2/ZKFDU=",
      "requires": {
        "@algolia/client-common": "4.2.0",
        "@algolia/client-search": "4.2.0",
        "@algolia/transporter": "4.2.0"
      }
    },
    "@algolia/client-analytics": {
      "version": "4.2.0",
      "resolved": "https://r.cnpmjs.org/@algolia/client-analytics/download/@algolia/client-analytics-4.2.0.tgz",
      "integrity": "sha1-EekzH+1buqZmjXHIkN/2DErxx0E=",
      "requires": {
        "@algolia/client-common": "4.2.0",
        "@algolia/client-search": "4.2.0",
        "@algolia/requester-common": "4.2.0",
        "@algolia/transporter": "4.2.0"
      }
    },
    "@algolia/client-common": {
      "version": "4.2.0",
      "resolved": "https://r.cnpmjs.org/@algolia/client-common/download/@algolia/client-common-4.2.0.tgz",
      "integrity": "sha1-v4pVDcUZJ7sQPemqt+asTZCpzw0=",
      "requires": {
        "@algolia/requester-common": "4.2.0",
        "@algolia/transporter": "4.2.0"
      }
    },
    "@algolia/client-recommendation": {
      "version": "4.2.0",
      "resolved": "https://r.cnpmjs.org/@algolia/client-recommendation/download/@algolia/client-recommendation-4.2.0.tgz",
      "integrity": "sha1-vUm1uWAf5CILptsPw5fYFlhO5Ow=",
      "requires": {
        "@algolia/client-common": "4.2.0",
        "@algolia/requester-common": "4.2.0",
        "@algolia/transporter": "4.2.0"
      }
    },
    "@algolia/client-search": {
      "version": "4.2.0",
      "resolved": "https://r.cnpmjs.org/@algolia/client-search/download/@algolia/client-search-4.2.0.tgz",
      "integrity": "sha1-SRdJnKxmpcyn8sqdEzS//Janmxc=",
      "requires": {
        "@algolia/client-common": "4.2.0",
        "@algolia/requester-common": "4.2.0",
        "@algolia/transporter": "4.2.0"
      }
    },
    "@algolia/logger-common": {
      "version": "4.2.0",
      "resolved": "https://r.cnpmjs.org/@algolia/logger-common/download/@algolia/logger-common-4.2.0.tgz",
      "integrity": "sha1-3Tc7JnWUZW1yoVY/ZiGrf3J8Q3M="
    },
    "@algolia/logger-console": {
      "version": "4.2.0",
      "resolved": "https://r.cnpmjs.org/@algolia/logger-console/download/@algolia/logger-console-4.2.0.tgz",
      "integrity": "sha1-EOGKt19g/Q8uKxbLmhsLzJRwh/I=",
      "requires": {
        "@algolia/logger-common": "4.2.0"
      }
    },
    "@algolia/requester-browser-xhr": {
      "version": "4.2.0",
      "resolved": "https://r.cnpmjs.org/@algolia/requester-browser-xhr/download/@algolia/requester-browser-xhr-4.2.0.tgz",
      "integrity": "sha1-wqeYK++UDhdJ8roqoE4/ipcbang=",
      "requires": {
        "@algolia/requester-common": "4.2.0"
      }
    },
    "@algolia/requester-common": {
      "version": "4.2.0",
      "resolved": "https://r.cnpmjs.org/@algolia/requester-common/download/@algolia/requester-common-4.2.0.tgz",
      "integrity": "sha1-32epQFFtWjE7v3m8vO3a3/+fjOI="
    },
    "@algolia/requester-node-http": {
      "version": "4.2.0",
      "resolved": "https://r.cnpmjs.org/@algolia/requester-node-http/download/@algolia/requester-node-http-4.2.0.tgz",
      "integrity": "sha1-4m79PWMLfJiLzJzaOo7mirShaN0=",
      "requires": {
        "@algolia/requester-common": "4.2.0"
      }
    },
    "@algolia/transporter": {
      "version": "4.2.0",
      "resolved": "https://r.cnpmjs.org/@algolia/transporter/download/@algolia/transporter-4.2.0.tgz",
      "integrity": "sha1-nmvqMwTx5vSmSj18H53gR7qJBW8=",
      "requires": {
        "@algolia/cache-common": "4.2.0",
        "@algolia/logger-common": "4.2.0",
        "@algolia/requester-common": "4.2.0"
      }
    },
    "abbrev": {
      "version": "1.1.1",
      "resolved": "https://r.cnpmjs.org/abbrev/download/abbrev-1.1.1.tgz",
      "integrity": "sha1-+PLIh60Qv2f2NPAFtph/7TF5qsg="
    },
    "algoliasearch": {
      "version": "4.2.0",
      "resolved": "https://r.cnpmjs.org/algoliasearch/download/algoliasearch-4.2.0.tgz",
      "integrity": "sha1-3YGhoMV+ufdK9ttwsMEfJWaS0eY=",
      "requires": {
        "@algolia/cache-browser-local-storage": "4.2.0",
        "@algolia/cache-common": "4.2.0",
        "@algolia/cache-in-memory": "4.2.0",
        "@algolia/client-account": "4.2.0",
        "@algolia/client-analytics": "4.2.0",
        "@algolia/client-common": "4.2.0",
        "@algolia/client-recommendation": "4.2.0",
        "@algolia/client-search": "4.2.0",
        "@algolia/logger-common": "4.2.0",
        "@algolia/logger-console": "4.2.0",
        "@algolia/requester-browser-xhr": "4.2.0",
        "@algolia/requester-common": "4.2.0",
        "@algolia/requester-node-http": "4.2.0",
        "@algolia/transporter": "4.2.0"
      }
    },
    "algoliasearch-helper": {
      "version": "3.1.1",
      "resolved": "https://r.cnpmjs.org/algoliasearch-helper/download/algoliasearch-helper-3.1.1.tgz",
      "integrity": "sha1-TN+67WZw2CYmrB+uABzL9TGS9Jc=",
      "requires": {
        "events": "^1.1.1"
      }
    },
    "classnames": {
      "version": "2.2.6",
      "resolved": "https://r.cnpmjs.org/classnames/download/classnames-2.2.6.tgz",
      "integrity": "sha1-Q5Nb/90pHzJtrQogUwmzjQD2UM4="
    },
    "events": {
      "version": "1.1.1",
      "resolved": "https://r.cnpmjs.org/events/download/events-1.1.1.tgz",
      "integrity": "sha1-nr23Y1rQmccNzEwqH1AEKI6L2SQ="
    },
    "hogan.js": {
      "version": "3.0.2",
      "resolved": "https://r.cnpmjs.org/hogan.js/download/hogan.js-3.0.2.tgz",
      "integrity": "sha1-TNnhq9QpQUbnZ55B14mHMrAse/0=",
      "requires": {
        "mkdirp": "0.3.0",
        "nopt": "1.0.10"
      }
    },
    "instantsearch.js": {
      "version": "4.4.0",
      "resolved": "https://r.cnpmjs.org/instantsearch.js/download/instantsearch.js-4.4.0.tgz",
      "integrity": "sha1-wACQ426d6jH8PjYjAkPsiWmQikE=",
      "requires": {
        "algoliasearch-helper": "^3.1.1",
        "classnames": "^2.2.5",
        "events": "^1.1.0",
        "hogan.js": "^3.0.2",
        "preact": "^10.0.0",
        "prop-types": "^15.5.10",
        "qs": "^6.5.1"
      }
    },
    "js-tokens": {
      "version": "4.0.0",
      "resolved": "https://r.cnpmjs.org/js-tokens/download/js-tokens-4.0.0.tgz",
      "integrity": "sha1-GSA/tZmR35jjoocFDUZHzerzJJk="
    },
    "loose-envify": {
      "version": "1.4.0",
      "resolved": "https://r.cnpmjs.org/loose-envify/download/loose-envify-1.4.0.tgz",
      "integrity": "sha1-ce5R+nvkyuwaY4OffmgtgTLTDK8=",
      "requires": {
        "js-tokens": "^3.0.0 || ^4.0.0"
      }
    },
    "mkdirp": {
      "version": "0.3.0",
      "resolved": "https://r.cnpmjs.org/mkdirp/download/mkdirp-0.3.0.tgz",
      "integrity": "sha1-G79asbqCevI1dRQ0kEJkVfSB/h4="
    },
    "nopt": {
      "version": "1.0.10",
      "resolved": "https://r.cnpmjs.org/nopt/download/nopt-1.0.10.tgz",
      "integrity": "sha1-bd0hvSoxQXuScn3Vhfim83YI6+4=",
      "requires": {
        "abbrev": "1"
      }
    },
    "object-assign": {
      "version": "4.1.1",
      "resolved": "https://r.cnpmjs.org/object-assign/download/object-assign-4.1.1.tgz",
      "integrity": "sha1-IQmtx5ZYh8/AXLvUQsrIv7s2CGM="
    },
    "preact": {
      "version": "10.4.1",
      "resolved": "https://r.cnpmjs.org/preact/download/preact-10.4.1.tgz",
      "integrity": "sha1-mzugIFR2c6Ixxs8W8Puu8OiGNDE="
    },
    "prop-types": {
      "version": "15.7.2",
      "resolved": "https://r.cnpmjs.org/prop-types/download/prop-types-15.7.2.tgz",
      "integrity": "sha1-UsQedbjIfnK52TYOAga5ncv/psU=",
      "requires": {
        "loose-envify": "^1.4.0",
        "object-assign": "^4.1.1",
        "react-is": "^16.8.1"
      }
    },
    "qs": {
      "version": "6.9.3",
      "resolved": "https://r.cnpmjs.org/qs/download/qs-6.9.3.tgz",
      "integrity": "sha1-v63NKWwtVJ8d/6VgYZEyyXf1AI4="
    },
    "react-is": {
      "version": "16.13.1",
      "resolved": "https://r.cnpmjs.org/react-is/download/react-is-16.13.1.tgz",
      "integrity": "sha1-eJcppNw23imZ3BVt1sHZwYzqVqQ="
    }
  }
}
